
Microsoft Visual Studio Solution File, Format Version 12.00
# Visual Studio Version 17
VisualStudioVersion = 17.1.32407.343
MinimumVisualStudioVersion = 10.0.40219.1
Project("{8BC9CEB8-8B4A-11D0-8D11-00A0C91BC942}") = "CourseWork", "CourseWork\CourseWork.vcxproj", "{B3B2DEF3-86D8-4E95-A40B-6208C631F80B}"
EndProject
Global
	GlobalSection(SolutionConfigurationPlatforms) = preSolution
		Debug|x64 = Debug|x64
		Debug|x86 = Debug|x86
		Release|x64 = Release|x64
		Release|x86 = Release|x86
	EndGlobalSection
	GlobalSection(ProjectConfigurationPlatforms) = postSolution
		{B3B2DEF3-86D8-4E95-A40B-6208C631F80B}.Debug|x64.ActiveCfg = Debug|x64
		{B3B2DEF3-86D8-4E95-A40B-6208C631F80B}.Debug|x64.Build.0 = Debug|x64
		{B3B2DEF3-86D8-4E95-A40B-6208C631F80B}.Debug|x86.ActiveCfg = Debug|Win32
		{B3B2DEF3-86D8-4E95-A40B-6208C631F80B}.Debug|x86.Build.0 = Debug|Win32
		{B3B2DEF3-86D8-4E95-A40B-6208C631F80B}.Release|x64.ActiveCfg = Release|x64
		{B3B2DEF3-86D8-4E95-A40B-6208C631F80B}.Release|x64.Build.0 = Release|x64
		{B3B2DEF3-86D8-4E95-A40B-6208C631F80B}.Release|x86.ActiveCfg = Release|Win32
		{B3B2DEF3-86D8-4E95-A40B-6208C631F80B}.Release|x86.Build.0 = Release|Win32
	EndGlobalSection
	GlobalSection(SolutionProperties) = preSolution
		HideSolutionNode = FALSE
	EndGlobalSection
	GlobalSection(ExtensibilityGlobals) = postSolution
		SolutionGuid = {E2BAA01D-73EE-4066-94E8-21AAEE182D24}
	EndGlobalSection
EndGlobal
